
Microsoft Visual Studio Solution File, Format Version 12.00
# Visual Studio Version 17
VisualStudioVersion = 17.7.34031.279
MinimumVisualStudioVersion = 10.0.40219.1
Project("{9A19103F-16F7-4668-BE54-9A1E7A4F7556}") = "Entidades", "Entidades\Entidades.csproj", "{6458EF47-06BA-4C4C-9FDB-F3752B9A8462}"
EndProject
Project("{9A19103F-16F7-4668-BE54-9A1E7A4F7556}") = "Tools", "Tools\Tools.csproj", "{ED6A2F36-DA45-46D7-8186-3468BBC37B60}"
EndProject
Project("{9A19103F-16F7-4668-BE54-9A1E7A4F7556}") = "Forms", "FrmLogin\Forms.csproj", "{CF713E0C-8588-4C6E-8859-9F18D8F14F1D}"
EndProject
Project("{FAE04EC0-301F-11D3-BF4B-00C04F79EFBC}") = "PruebaSQL", "PruebaSQL\PruebaSQL.csproj", "{D5F928B5-12FF-4D76-821A-E032D136ABE6}"
	ProjectSection(ProjectDependencies) = postProject
		{6458EF47-06BA-4C4C-9FDB-F3752B9A8462} = {6458EF47-06BA-4C4C-9FDB-F3752B9A8462}
	EndProjectSection
EndProject
Global
	GlobalSection(SolutionConfigurationPlatforms) = preSolution
		Debug|Any CPU = Debug|Any CPU
		Release|Any CPU = Release|Any CPU
	EndGlobalSection
	GlobalSection(ProjectConfigurationPlatforms) = postSolution
		{6458EF47-06BA-4C4C-9FDB-F3752B9A8462}.Debug|Any CPU.ActiveCfg = Debug|Any CPU
		{6458EF47-06BA-4C4C-9FDB-F3752B9A8462}.Debug|Any CPU.Build.0 = Debug|Any CPU
		{6458EF47-06BA-4C4C-9FDB-F3752B9A8462}.Release|Any CPU.ActiveCfg = Release|Any CPU
		{6458EF47-06BA-4C4C-9FDB-F3752B9A8462}.Release|Any CPU.Build.0 = Release|Any CPU
		{ED6A2F36-DA45-46D7-8186-3468BBC37B60}.Debug|Any CPU.ActiveCfg = Debug|Any CPU
		{ED6A2F36-DA45-46D7-8186-3468BBC37B60}.Debug|Any CPU.Build.0 = Debug|Any CPU
		{ED6A2F36-DA45-46D7-8186-3468BBC37B60}.Release|Any CPU.ActiveCfg = Release|Any CPU
		{ED6A2F36-DA45-46D7-8186-3468BBC37B60}.Release|Any CPU.Build.0 = Release|Any CPU
		{CF713E0C-8588-4C6E-8859-9F18D8F14F1D}.Debug|Any CPU.ActiveCfg = Debug|Any CPU
		{CF713E0C-8588-4C6E-8859-9F18D8F14F1D}.Debug|Any CPU.Build.0 = Debug|Any CPU
		{CF713E0C-8588-4C6E-8859-9F18D8F14F1D}.Release|Any CPU.ActiveCfg = Release|Any CPU
		{CF713E0C-8588-4C6E-8859-9F18D8F14F1D}.Release|Any CPU.Build.0 = Release|Any CPU
		{D5F928B5-12FF-4D76-821A-E032D136ABE6}.Debug|Any CPU.ActiveCfg = Debug|Any CPU
		{D5F928B5-12FF-4D76-821A-E032D136ABE6}.Debug|Any CPU.Build.0 = Debug|Any CPU
		{D5F928B5-12FF-4D76-821A-E032D136ABE6}.Release|Any CPU.ActiveCfg = Release|Any CPU
		{D5F928B5-12FF-4D76-821A-E032D136ABE6}.Release|Any CPU.Build.0 = Release|Any CPU
	EndGlobalSection
	GlobalSection(SolutionProperties) = preSolution
		HideSolutionNode = FALSE
	EndGlobalSection
	GlobalSection(ExtensibilityGlobals) = postSolution
		SolutionGuid = {01A25329-81FD-417E-8679-1A91FDC0D871}
	EndGlobalSection
EndGlobal
